// !$*UTF8*$!
{
	archiveVersion = 1;
	classes = {
	};
	objectVersion = 56;
	objects = {

/* Begin PBXBuildFile section */
		043E7A4829B60ED900AB2737 /* TaskDetailView.swift in Sources */ = {isa = PBXBuildFile; fileRef = 043E7A4729B60ED900AB2737 /* TaskDetailView.swift */; };
		0445A0EA29B1EEE300DA8D50 /* Concierge_ServicesApp.swift in Sources */ = {isa = PBXBuildFile; fileRef = 0445A0E929B1EEE300DA8D50 /* Concierge_ServicesApp.swift */; };
		0445A0EC29B1EEE300DA8D50 /* LoginView.swift in Sources */ = {isa = PBXBuildFile; fileRef = 0445A0EB29B1EEE300DA8D50 /* LoginView.swift */; };
		0445A0EE29B1EEE500DA8D50 /* Assets.xcassets in Resources */ = {isa = PBXBuildFile; fileRef = 0445A0ED29B1EEE500DA8D50 /* Assets.xcassets */; };
		0445A0F129B1EEE500DA8D50 /* Preview Assets.xcassets in Resources */ = {isa = PBXBuildFile; fileRef = 0445A0F029B1EEE500DA8D50 /* Preview Assets.xcassets */; };
		0445A10029B207B600DA8D50 /* TimelineView.swift in Sources */ = {isa = PBXBuildFile; fileRef = 0445A0FF29B207B600DA8D50 /* TimelineView.swift */; };
		0445A10229B207C400DA8D50 /* ChatView.swift in Sources */ = {isa = PBXBuildFile; fileRef = 0445A10129B207C400DA8D50 /* ChatView.swift */; };
		0445A10429B207CE00DA8D50 /* BalanceView.swift in Sources */ = {isa = PBXBuildFile; fileRef = 0445A10329B207CE00DA8D50 /* BalanceView.swift */; };
		0445A10A29B2095F00DA8D50 /* TabbarView.swift in Sources */ = {isa = PBXBuildFile; fileRef = 0445A10929B2095F00DA8D50 /* TabbarView.swift */; };
		04791B5E29B8BD25007D0890 /* LoginViewModel.swift in Sources */ = {isa = PBXBuildFile; fileRef = 04791B5D29B8BD25007D0890 /* LoginViewModel.swift */; };
		04B21D1C29B733EE00829AD7 /* GoogleService-Info.plist in Resources */ = {isa = PBXBuildFile; fileRef = 04B21D1129B733EE00829AD7 /* GoogleService-Info.plist */; };
		04B21D1E29B733EE00829AD7 /* User.swift in Sources */ = {isa = PBXBuildFile; fileRef = 04B21D1429B733EE00829AD7 /* User.swift */; };
		04B21D1F29B733EE00829AD7 /* ContentMessageView.swift in Sources */ = {isa = PBXBuildFile; fileRef = 04B21D1629B733EE00829AD7 /* ContentMessageView.swift */; };
		04B21D2029B733EE00829AD7 /* MessageView.swift in Sources */ = {isa = PBXBuildFile; fileRef = 04B21D1729B733EE00829AD7 /* MessageView.swift */; };
		04B21D2129B733EE00829AD7 /* ChatHelper.swift in Sources */ = {isa = PBXBuildFile; fileRef = 04B21D1929B733EE00829AD7 /* ChatHelper.swift */; };
		04B21D2229B733EE00829AD7 /* KeyboardResponder.swift in Sources */ = {isa = PBXBuildFile; fileRef = 04B21D1A29B733EE00829AD7 /* KeyboardResponder.swift */; };
		04B21D2329B733EE00829AD7 /* ViewExtension.swift in Sources */ = {isa = PBXBuildFile; fileRef = 04B21D1B29B733EE00829AD7 /* ViewExtension.swift */; };
		04B21D3229B737EA00829AD7 /* FirebaseAnalyticsSwift in Frameworks */ = {isa = PBXBuildFile; productRef = 04B21D3129B737EA00829AD7 /* FirebaseAnalyticsSwift */; };
		04B21D3429B737EA00829AD7 /* FirebaseAnalyticsWithoutAdIdSupport in Frameworks */ = {isa = PBXBuildFile; productRef = 04B21D3329B737EA00829AD7 /* FirebaseAnalyticsWithoutAdIdSupport */; };
		04B21D3629B737EA00829AD7 /* FirebaseAuth in Frameworks */ = {isa = PBXBuildFile; productRef = 04B21D3529B737EA00829AD7 /* FirebaseAuth */; };
		04B21D3829B737EA00829AD7 /* FirebaseCrashlytics in Frameworks */ = {isa = PBXBuildFile; productRef = 04B21D3729B737EA00829AD7 /* FirebaseCrashlytics */; };
		04B9CF9029C0AA63009FB454 /* AdminTasksView.swift in Sources */ = {isa = PBXBuildFile; fileRef = 04B9CF8F29C0AA63009FB454 /* AdminTasksView.swift */; };
		04B9CF9229C0AB98009FB454 /* CreateAccountView.swift in Sources */ = {isa = PBXBuildFile; fileRef = 04B9CF9129C0AB98009FB454 /* CreateAccountView.swift */; };
		04B9CF9429C0B446009FB454 /* UsersListView.swift in Sources */ = {isa = PBXBuildFile; fileRef = 04B9CF9329C0B446009FB454 /* UsersListView.swift */; };
		04D8688029C0601900027E73 /* UserProfileView.swift in Sources */ = {isa = PBXBuildFile; fileRef = 04D8687F29C0601900027E73 /* UserProfileView.swift */; };
		04D8688529C07C8600027E73 /* UserProfileViewModel.swift in Sources */ = {isa = PBXBuildFile; fileRef = 04D8688429C07C8600027E73 /* UserProfileViewModel.swift */; };
		F416A51129DAEABE00C40751 /* SFSymbol.swift in Sources */ = {isa = PBXBuildFile; fileRef = F416A51029DAEABE00C40751 /* SFSymbol.swift */; };
		F41D92A829D0B52200D74D75 /* SFSymbolView.swift in Sources */ = {isa = PBXBuildFile; fileRef = F41D92A729D0B52200D74D75 /* SFSymbolView.swift */; };
		F41D92AA29D0CD1A00D74D75 /* ActivityItem.swift in Sources */ = {isa = PBXBuildFile; fileRef = F41D92A929D0CD1A00D74D75 /* ActivityItem.swift */; };
		F481DD3329CC83E800D39319 /* LoadingUserDataView.swift in Sources */ = {isa = PBXBuildFile; fileRef = F481DD3229CC83E800D39319 /* LoadingUserDataView.swift */; };
		F481DD3529CC8CD300D39319 /* LaunchScreenStateManager.swift in Sources */ = {isa = PBXBuildFile; fileRef = F481DD3429CC8CD300D39319 /* LaunchScreenStateManager.swift */; };
		F48CBEF929C315F000973290 /* FirestoreManager.swift in Sources */ = {isa = PBXBuildFile; fileRef = F48CBEF829C315F000973290 /* FirestoreManager.swift */; };
		F48CBEFC29C3185500973290 /* FirebaseFirestoreSwift in Frameworks */ = {isa = PBXBuildFile; productRef = F48CBEFB29C3185500973290 /* FirebaseFirestoreSwift */; };
		F48CBEFE29C32A1100973290 /* Ticket.swift in Sources */ = {isa = PBXBuildFile; fileRef = F48CBEFD29C32A1100973290 /* Ticket.swift */; };
		F48CBF0029C32B6E00973290 /* Client.swift in Sources */ = {isa = PBXBuildFile; fileRef = F48CBEFF29C32B6E00973290 /* Client.swift */; };
		F48CBF0629C333F500973290 /* TimelineViewModel.swift in Sources */ = {isa = PBXBuildFile; fileRef = F48CBF0529C333F500973290 /* TimelineViewModel.swift */; };
		F48CBF0829C3342F00973290 /* ClientChatViewModel.swift in Sources */ = {isa = PBXBuildFile; fileRef = F48CBF0729C3342F00973290 /* ClientChatViewModel.swift */; };
		F48CBF0A29C3344100973290 /* ClientsViewModel.swift in Sources */ = {isa = PBXBuildFile; fileRef = F48CBF0929C3344100973290 /* ClientsViewModel.swift */; };
		F48CBF0C29C3346200973290 /* DashboardViewModel.swift in Sources */ = {isa = PBXBuildFile; fileRef = F48CBF0B29C3346200973290 /* DashboardViewModel.swift */; };
		F48CBF0E29C340F300973290 /* CreateTaskView.swift in Sources */ = {isa = PBXBuildFile; fileRef = F48CBF0D29C340F300973290 /* CreateTaskView.swift */; };
		F48CBF1029C351F500973290 /* ClientChatView.swift in Sources */ = {isa = PBXBuildFile; fileRef = F48CBF0F29C351F500973290 /* ClientChatView.swift */; };
		F49D912A29CAE3AA009ED887 /* AdminDashboardViewModel.swift in Sources */ = {isa = PBXBuildFile; fileRef = F49D912929CAE3AA009ED887 /* AdminDashboardViewModel.swift */; };
		F49E6C4F29C44DEE0081CE03 /* ClientTicketsView.swift in Sources */ = {isa = PBXBuildFile; fileRef = F49E6C4E29C44DEE0081CE03 /* ClientTicketsView.swift */; };
		F49E6C5129C4500D0081CE03 /* ClientTicketsViewModel.swift in Sources */ = {isa = PBXBuildFile; fileRef = F49E6C5029C4500D0081CE03 /* ClientTicketsViewModel.swift */; };
		F49E6C5329C4A3B30081CE03 /* ChatMessage.swift in Sources */ = {isa = PBXBuildFile; fileRef = F49E6C5229C4A3B30081CE03 /* ChatMessage.swift */; };
		F49E6C5529C4A8A10081CE03 /* ChatsViewModel.swift in Sources */ = {isa = PBXBuildFile; fileRef = F49E6C5429C4A8A10081CE03 /* ChatsViewModel.swift */; };
		F4A97B2F29DC0C0400D85017 /* FirebaseStorageManager.swift in Sources */ = {isa = PBXBuildFile; fileRef = F4A97B2E29DC0C0400D85017 /* FirebaseStorageManager.swift */; };
		F4A97B3129DC0CDC00D85017 /* FirebaseStorage in Frameworks */ = {isa = PBXBuildFile; productRef = F4A97B3029DC0CDC00D85017 /* FirebaseStorage */; };
		F4A97B3829DC2AE600D85017 /* DocumentPickerViewController.swift in Sources */ = {isa = PBXBuildFile; fileRef = F4A97B3729DC2AE600D85017 /* DocumentPickerViewController.swift */; };
		F4BBAF6629C82A280036C06F /* CreateFlightTaskView.swift in Sources */ = {isa = PBXBuildFile; fileRef = F4BBAF6529C82A280036C06F /* CreateFlightTaskView.swift */; };
		F4BBAF6929C832510036C06F /* Color.swift in Sources */ = {isa = PBXBuildFile; fileRef = F4BBAF6829C832510036C06F /* Color.swift */; };
		F4BBAF6F29C834A70036C06F /* Poppins-Bold.ttf in Resources */ = {isa = PBXBuildFile; fileRef = F4BBAF6B29C834A60036C06F /* Poppins-Bold.ttf */; };
		F4BBAF7029C834A70036C06F /* Poppins-Light.ttf in Resources */ = {isa = PBXBuildFile; fileRef = F4BBAF6C29C834A60036C06F /* Poppins-Light.ttf */; };
		F4BBAF7129C834A70036C06F /* Poppins-Medium.ttf in Resources */ = {isa = PBXBuildFile; fileRef = F4BBAF6D29C834A70036C06F /* Poppins-Medium.ttf */; };
		F4BBAF7229C834A70036C06F /* Poppins-Regular.ttf in Resources */ = {isa = PBXBuildFile; fileRef = F4BBAF6E29C834A70036C06F /* Poppins-Regular.ttf */; };
		F4BBAF7429C834D20036C06F /* Constants.swift in Sources */ = {isa = PBXBuildFile; fileRef = F4BBAF7329C834D20036C06F /* Constants.swift */; };
		F4BBAF7629C834FB0036C06F /* UserDefaultsUtils.swift in Sources */ = {isa = PBXBuildFile; fileRef = F4BBAF7529C834FB0036C06F /* UserDefaultsUtils.swift */; };
		F4BBAF7929C888B20036C06F /* SelectTaskTypeView.swift in Sources */ = {isa = PBXBuildFile; fileRef = F4BBAF7829C888B20036C06F /* SelectTaskTypeView.swift */; };
		F4BC090129C4E4AA00745EFB /* ClientMessageView.swift in Sources */ = {isa = PBXBuildFile; fileRef = F4BC090029C4E4AA00745EFB /* ClientMessageView.swift */; };
		F4BC090929C4F7BF00745EFB /* AlertToast in Frameworks */ = {isa = PBXBuildFile; productRef = F4BC090829C4F7BF00745EFB /* AlertToast */; };
		F4BC090B29C5125100745EFB /* PlaceholderView.swift in Sources */ = {isa = PBXBuildFile; fileRef = F4BC090A29C5125100745EFB /* PlaceholderView.swift */; };
		F4C10E9129DEAC25004AEE56 /* SetActivitiesView.swift in Sources */ = {isa = PBXBuildFile; fileRef = F4C10E9029DEAC24004AEE56 /* SetActivitiesView.swift */; };
		F4C10E9929DEF2E1004AEE56 /* SelectTaskTypeView.swift in Sources */ = {isa = PBXBuildFile; fileRef = F4C10E9329DEF2E1004AEE56 /* SelectTaskTypeView.swift */; };
		F4C10E9A29DEF2E1004AEE56 /* CreateFlightTaskView.swift in Sources */ = {isa = PBXBuildFile; fileRef = F4C10E9429DEF2E1004AEE56 /* CreateFlightTaskView.swift */; };
		F4C10E9B29DEF2E1004AEE56 /* CreateTaskView.swift in Sources */ = {isa = PBXBuildFile; fileRef = F4C10E9529DEF2E1004AEE56 /* CreateTaskView.swift */; };
		F4C10E9C29DEF2E1004AEE56 /* TermsOfServiceView.swift in Sources */ = {isa = PBXBuildFile; fileRef = F4C10E9629DEF2E1004AEE56 /* TermsOfServiceView.swift */; };
		F4C10E9D29DEF2E1004AEE56 /* ChangePasswordView.swift in Sources */ = {isa = PBXBuildFile; fileRef = F4C10E9729DEF2E1004AEE56 /* ChangePasswordView.swift */; };
		F4C10E9E29DEF2E1004AEE56 /* PrivacyPolicyView.swift in Sources */ = {isa = PBXBuildFile; fileRef = F4C10E9829DEF2E1004AEE56 /* PrivacyPolicyView.swift */; };
		F4C7EE5929C721C7003B517F /* Utils.swift in Sources */ = {isa = PBXBuildFile; fileRef = F4C7EE5829C721C7003B517F /* Utils.swift */; };
		F4C7EE5E29C79451003B517F /* ActivityIndicatorView in Frameworks */ = {isa = PBXBuildFile; productRef = F4C7EE5D29C79451003B517F /* ActivityIndicatorView */; };
		F4C9523729DD8DED00428697 /* ManagePreferencesView.swift in Sources */ = {isa = PBXBuildFile; fileRef = F4C9523629DD8DED00428697 /* ManagePreferencesView.swift */; };
		F4C9523929DD8E4E00428697 /* UserPreferencesView.swift in Sources */ = {isa = PBXBuildFile; fileRef = F4C9523829DD8E4E00428697 /* UserPreferencesView.swift */; };
		F4E9C06D29C3AD3000DF72A8 /* RealmSwift in Frameworks */ = {isa = PBXBuildFile; productRef = F4E9C06C29C3AD3000DF72A8 /* RealmSwift */; };
		F4F1179B29C9FC8C00200ECB /* DateExtensions.swift in Sources */ = {isa = PBXBuildFile; fileRef = F4F1179A29C9FC8C00200ECB /* DateExtensions.swift */; };
		F4F1179D29CA119C00200ECB /* FlightTicket.swift in Sources */ = {isa = PBXBuildFile; fileRef = F4F1179C29CA119C00200ECB /* FlightTicket.swift */; };
/* End PBXBuildFile section */

/* Begin PBXFileReference section */
		043E7A4729B60ED900AB2737 /* TaskDetailView.swift */ = {isa = PBXFileReference; lastKnownFileType = sourcecode.swift; path = TaskDetailView.swift; sourceTree = "<group>"; };
		0445A0E629B1EEE300DA8D50 /* Concierge Services.app */ = {isa = PBXFileReference; explicitFileType = wrapper.application; includeInIndex = 0; path = "Concierge Services.app"; sourceTree = BUILT_PRODUCTS_DIR; };
		0445A0E929B1EEE300DA8D50 /* Concierge_ServicesApp.swift */ = {isa = PBXFileReference; lastKnownFileType = sourcecode.swift; path = Concierge_ServicesApp.swift; sourceTree = "<group>"; };
		0445A0EB29B1EEE300DA8D50 /* LoginView.swift */ = {isa = PBXFileReference; lastKnownFileType = sourcecode.swift; path = LoginView.swift; sourceTree = "<group>"; };
		0445A0ED29B1EEE500DA8D50 /* Assets.xcassets */ = {isa = PBXFileReference; lastKnownFileType = folder.assetcatalog; path = Assets.xcassets; sourceTree = "<group>"; };
		0445A0F029B1EEE500DA8D50 /* Preview Assets.xcassets */ = {isa = PBXFileReference; lastKnownFileType = folder.assetcatalog; path = "Preview Assets.xcassets"; sourceTree = "<group>"; };
		0445A0FF29B207B600DA8D50 /* TimelineView.swift */ = {isa = PBXFileReference; lastKnownFileType = sourcecode.swift; path = TimelineView.swift; sourceTree = "<group>"; };
		0445A10129B207C400DA8D50 /* ChatView.swift */ = {isa = PBXFileReference; lastKnownFileType = sourcecode.swift; path = ChatView.swift; sourceTree = "<group>"; };
		0445A10329B207CE00DA8D50 /* BalanceView.swift */ = {isa = PBXFileReference; lastKnownFileType = sourcecode.swift; path = BalanceView.swift; sourceTree = "<group>"; };
		0445A10929B2095F00DA8D50 /* TabbarView.swift */ = {isa = PBXFileReference; lastKnownFileType = sourcecode.swift; path = TabbarView.swift; sourceTree = "<group>"; };
		04791B5D29B8BD25007D0890 /* LoginViewModel.swift */ = {isa = PBXFileReference; lastKnownFileType = sourcecode.swift; path = LoginViewModel.swift; sourceTree = "<group>"; };
		04B21D1129B733EE00829AD7 /* GoogleService-Info.plist */ = {isa = PBXFileReference; fileEncoding = 4; lastKnownFileType = text.plist.xml; path = "GoogleService-Info.plist"; sourceTree = "<group>"; };
		04B21D1429B733EE00829AD7 /* User.swift */ = {isa = PBXFileReference; fileEncoding = 4; lastKnownFileType = sourcecode.swift; path = User.swift; sourceTree = "<group>"; };
		04B21D1629B733EE00829AD7 /* ContentMessageView.swift */ = {isa = PBXFileReference; fileEncoding = 4; lastKnownFileType = sourcecode.swift; path = ContentMessageView.swift; sourceTree = "<group>"; };
		04B21D1729B733EE00829AD7 /* MessageView.swift */ = {isa = PBXFileReference; fileEncoding = 4; lastKnownFileType = sourcecode.swift; path = MessageView.swift; sourceTree = "<group>"; };
		04B21D1929B733EE00829AD7 /* ChatHelper.swift */ = {isa = PBXFileReference; fileEncoding = 4; lastKnownFileType = sourcecode.swift; path = ChatHelper.swift; sourceTree = "<group>"; };
		04B21D1A29B733EE00829AD7 /* KeyboardResponder.swift */ = {isa = PBXFileReference; fileEncoding = 4; lastKnownFileType = sourcecode.swift; path = KeyboardResponder.swift; sourceTree = "<group>"; };
		04B21D1B29B733EE00829AD7 /* ViewExtension.swift */ = {isa = PBXFileReference; fileEncoding = 4; lastKnownFileType = sourcecode.swift; path = ViewExtension.swift; sourceTree = "<group>"; };
		04B9CF8F29C0AA63009FB454 /* AdminTasksView.swift */ = {isa = PBXFileReference; lastKnownFileType = sourcecode.swift; path = AdminTasksView.swift; sourceTree = "<group>"; };
		04B9CF9129C0AB98009FB454 /* CreateAccountView.swift */ = {isa = PBXFileReference; lastKnownFileType = sourcecode.swift; path = CreateAccountView.swift; sourceTree = "<group>"; };
		04B9CF9329C0B446009FB454 /* UsersListView.swift */ = {isa = PBXFileReference; lastKnownFileType = sourcecode.swift; path = UsersListView.swift; sourceTree = "<group>"; };
		04D8687F29C0601900027E73 /* UserProfileView.swift */ = {isa = PBXFileReference; lastKnownFileType = sourcecode.swift; path = UserProfileView.swift; sourceTree = "<group>"; };
		04D8688429C07C8600027E73 /* UserProfileViewModel.swift */ = {isa = PBXFileReference; lastKnownFileType = sourcecode.swift; path = UserProfileViewModel.swift; sourceTree = "<group>"; };
		F416A51029DAEABE00C40751 /* SFSymbol.swift */ = {isa = PBXFileReference; fileEncoding = 4; lastKnownFileType = sourcecode.swift; path = SFSymbol.swift; sourceTree = "<group>"; };
		F41D92A729D0B52200D74D75 /* SFSymbolView.swift */ = {isa = PBXFileReference; lastKnownFileType = sourcecode.swift; path = SFSymbolView.swift; sourceTree = "<group>"; };
		F41D92A929D0CD1A00D74D75 /* ActivityItem.swift */ = {isa = PBXFileReference; fileEncoding = 4; lastKnownFileType = sourcecode.swift; path = ActivityItem.swift; sourceTree = "<group>"; };
		F481DD3229CC83E800D39319 /* LoadingUserDataView.swift */ = {isa = PBXFileReference; lastKnownFileType = sourcecode.swift; path = LoadingUserDataView.swift; sourceTree = "<group>"; };
		F481DD3429CC8CD300D39319 /* LaunchScreenStateManager.swift */ = {isa = PBXFileReference; lastKnownFileType = sourcecode.swift; path = LaunchScreenStateManager.swift; sourceTree = "<group>"; };
		F48CBEF829C315F000973290 /* FirestoreManager.swift */ = {isa = PBXFileReference; lastKnownFileType = sourcecode.swift; path = FirestoreManager.swift; sourceTree = "<group>"; };
		F48CBEFD29C32A1100973290 /* Ticket.swift */ = {isa = PBXFileReference; lastKnownFileType = sourcecode.swift; path = Ticket.swift; sourceTree = "<group>"; };
		F48CBEFF29C32B6E00973290 /* Client.swift */ = {isa = PBXFileReference; lastKnownFileType = sourcecode.swift; path = Client.swift; sourceTree = "<group>"; };
		F48CBF0529C333F500973290 /* TimelineViewModel.swift */ = {isa = PBXFileReference; lastKnownFileType = sourcecode.swift; path = TimelineViewModel.swift; sourceTree = "<group>"; };
		F48CBF0729C3342F00973290 /* ClientChatViewModel.swift */ = {isa = PBXFileReference; lastKnownFileType = sourcecode.swift; path = ClientChatViewModel.swift; sourceTree = "<group>"; };
		F48CBF0929C3344100973290 /* ClientsViewModel.swift */ = {isa = PBXFileReference; lastKnownFileType = sourcecode.swift; path = ClientsViewModel.swift; sourceTree = "<group>"; };
		F48CBF0B29C3346200973290 /* DashboardViewModel.swift */ = {isa = PBXFileReference; lastKnownFileType = sourcecode.swift; path = DashboardViewModel.swift; sourceTree = "<group>"; };
		F48CBF0D29C340F300973290 /* CreateTaskView.swift */ = {isa = PBXFileReference; lastKnownFileType = sourcecode.swift; path = CreateTaskView.swift; sourceTree = "<group>"; };
		F48CBF0F29C351F500973290 /* ClientChatView.swift */ = {isa = PBXFileReference; lastKnownFileType = sourcecode.swift; path = ClientChatView.swift; sourceTree = "<group>"; };
		F49D912929CAE3AA009ED887 /* AdminDashboardViewModel.swift */ = {isa = PBXFileReference; lastKnownFileType = sourcecode.swift; path = AdminDashboardViewModel.swift; sourceTree = "<group>"; };
		F49E6C4E29C44DEE0081CE03 /* ClientTicketsView.swift */ = {isa = PBXFileReference; lastKnownFileType = sourcecode.swift; path = ClientTicketsView.swift; sourceTree = "<group>"; };
		F49E6C5029C4500D0081CE03 /* ClientTicketsViewModel.swift */ = {isa = PBXFileReference; lastKnownFileType = sourcecode.swift; path = ClientTicketsViewModel.swift; sourceTree = "<group>"; };
		F49E6C5229C4A3B30081CE03 /* ChatMessage.swift */ = {isa = PBXFileReference; lastKnownFileType = sourcecode.swift; path = ChatMessage.swift; sourceTree = "<group>"; };
		F49E6C5429C4A8A10081CE03 /* ChatsViewModel.swift */ = {isa = PBXFileReference; lastKnownFileType = sourcecode.swift; path = ChatsViewModel.swift; sourceTree = "<group>"; };
		F4A97B2E29DC0C0400D85017 /* FirebaseStorageManager.swift */ = {isa = PBXFileReference; lastKnownFileType = sourcecode.swift; path = FirebaseStorageManager.swift; sourceTree = "<group>"; };
		F4A97B3729DC2AE600D85017 /* DocumentPickerViewController.swift */ = {isa = PBXFileReference; lastKnownFileType = sourcecode.swift; path = DocumentPickerViewController.swift; sourceTree = "<group>"; };
		F4BBAF6529C82A280036C06F /* CreateFlightTaskView.swift */ = {isa = PBXFileReference; lastKnownFileType = sourcecode.swift; path = CreateFlightTaskView.swift; sourceTree = "<group>"; };
		F4BBAF6829C832510036C06F /* Color.swift */ = {isa = PBXFileReference; lastKnownFileType = sourcecode.swift; path = Color.swift; sourceTree = "<group>"; };
		F4BBAF6B29C834A60036C06F /* Poppins-Bold.ttf */ = {isa = PBXFileReference; lastKnownFileType = file; path = "Poppins-Bold.ttf"; sourceTree = "<group>"; };
		F4BBAF6C29C834A60036C06F /* Poppins-Light.ttf */ = {isa = PBXFileReference; lastKnownFileType = file; path = "Poppins-Light.ttf"; sourceTree = "<group>"; };
		F4BBAF6D29C834A70036C06F /* Poppins-Medium.ttf */ = {isa = PBXFileReference; lastKnownFileType = file; path = "Poppins-Medium.ttf"; sourceTree = "<group>"; };
		F4BBAF6E29C834A70036C06F /* Poppins-Regular.ttf */ = {isa = PBXFileReference; lastKnownFileType = file; path = "Poppins-Regular.ttf"; sourceTree = "<group>"; };
		F4BBAF7329C834D20036C06F /* Constants.swift */ = {isa = PBXFileReference; lastKnownFileType = sourcecode.swift; path = Constants.swift; sourceTree = "<group>"; };
		F4BBAF7529C834FB0036C06F /* UserDefaultsUtils.swift */ = {isa = PBXFileReference; lastKnownFileType = sourcecode.swift; path = UserDefaultsUtils.swift; sourceTree = "<group>"; };
		F4BBAF7729C869F30036C06F /* Concierge-Services-Info.plist */ = {isa = PBXFileReference; lastKnownFileType = text.plist; path = "Concierge-Services-Info.plist"; sourceTree = SOURCE_ROOT; };
		F4BBAF7829C888B20036C06F /* SelectTaskTypeView.swift */ = {isa = PBXFileReference; lastKnownFileType = sourcecode.swift; path = SelectTaskTypeView.swift; sourceTree = "<group>"; };
		F4BC090029C4E4AA00745EFB /* ClientMessageView.swift */ = {isa = PBXFileReference; lastKnownFileType = sourcecode.swift; path = ClientMessageView.swift; sourceTree = "<group>"; };
		F4BC090A29C5125100745EFB /* PlaceholderView.swift */ = {isa = PBXFileReference; lastKnownFileType = sourcecode.swift; path = PlaceholderView.swift; sourceTree = "<group>"; };
		F4C10E9029DEAC24004AEE56 /* SetActivitiesView.swift */ = {isa = PBXFileReference; fileEncoding = 4; lastKnownFileType = sourcecode.swift; path = SetActivitiesView.swift; sourceTree = "<group>"; };
		F4C10E9329DEF2E1004AEE56 /* SelectTaskTypeView.swift */ = {isa = PBXFileReference; fileEncoding = 4; lastKnownFileType = sourcecode.swift; path = SelectTaskTypeView.swift; sourceTree = "<group>"; };
		F4C10E9429DEF2E1004AEE56 /* CreateFlightTaskView.swift */ = {isa = PBXFileReference; fileEncoding = 4; lastKnownFileType = sourcecode.swift; path = CreateFlightTaskView.swift; sourceTree = "<group>"; };
		F4C10E9529DEF2E1004AEE56 /* CreateTaskView.swift */ = {isa = PBXFileReference; fileEncoding = 4; lastKnownFileType = sourcecode.swift; path = CreateTaskView.swift; sourceTree = "<group>"; };
		F4C10E9629DEF2E1004AEE56 /* TermsOfServiceView.swift */ = {isa = PBXFileReference; fileEncoding = 4; lastKnownFileType = sourcecode.swift; path = TermsOfServiceView.swift; sourceTree = "<group>"; };
		F4C10E9729DEF2E1004AEE56 /* ChangePasswordView.swift */ = {isa = PBXFileReference; fileEncoding = 4; lastKnownFileType = sourcecode.swift; path = ChangePasswordView.swift; sourceTree = "<group>"; };
		F4C10E9829DEF2E1004AEE56 /* PrivacyPolicyView.swift */ = {isa = PBXFileReference; fileEncoding = 4; lastKnownFileType = sourcecode.swift; path = PrivacyPolicyView.swift; sourceTree = "<group>"; };
		F4C7EE5829C721C7003B517F /* Utils.swift */ = {isa = PBXFileReference; lastKnownFileType = sourcecode.swift; path = Utils.swift; sourceTree = "<group>"; };
		F4C9523629DD8DED00428697 /* ManagePreferencesView.swift */ = {isa = PBXFileReference; lastKnownFileType = sourcecode.swift; path = ManagePreferencesView.swift; sourceTree = "<group>"; };
		F4C9523829DD8E4E00428697 /* UserPreferencesView.swift */ = {isa = PBXFileReference; lastKnownFileType = sourcecode.swift; path = UserPreferencesView.swift; sourceTree = "<group>"; };
		F4F1179A29C9FC8C00200ECB /* DateExtensions.swift */ = {isa = PBXFileReference; lastKnownFileType = sourcecode.swift; path = DateExtensions.swift; sourceTree = "<group>"; };
		F4F1179C29CA119C00200ECB /* FlightTicket.swift */ = {isa = PBXFileReference; lastKnownFileType = sourcecode.swift; path = FlightTicket.swift; sourceTree = "<group>"; };
/* End PBXFileReference section */

/* Begin PBXFrameworksBuildPhase section */
		0445A0E329B1EEE300DA8D50 /* Frameworks */ = {
			isa = PBXFrameworksBuildPhase;
			buildActionMask = 2147483647;
			files = (
				F4E9C06D29C3AD3000DF72A8 /* RealmSwift in Frameworks */,
				F4BC090929C4F7BF00745EFB /* AlertToast in Frameworks */,
				F4A97B3129DC0CDC00D85017 /* FirebaseStorage in Frameworks */,
				F4C7EE5E29C79451003B517F /* ActivityIndicatorView in Frameworks */,
				04B21D3229B737EA00829AD7 /* FirebaseAnalyticsSwift in Frameworks */,
				04B21D3829B737EA00829AD7 /* FirebaseCrashlytics in Frameworks */,
				04B21D3629B737EA00829AD7 /* FirebaseAuth in Frameworks */,
				04B21D3429B737EA00829AD7 /* FirebaseAnalyticsWithoutAdIdSupport in Frameworks */,
				F48CBEFC29C3185500973290 /* FirebaseFirestoreSwift in Frameworks */,
			);
			runOnlyForDeploymentPostprocessing = 0;
		};
/* End PBXFrameworksBuildPhase section */

/* Begin PBXGroup section */
		0445A0DD29B1EEE300DA8D50 = {
			isa = PBXGroup;
			children = (
				0445A0E829B1EEE300DA8D50 /* Concierge Services */,
				F48CBEFA29C3185500973290 /* Frameworks */,
				0445A0E729B1EEE300DA8D50 /* Products */,
			);
			sourceTree = "<group>";
		};
		0445A0E729B1EEE300DA8D50 /* Products */ = {
			isa = PBXGroup;
			children = (
				0445A0E629B1EEE300DA8D50 /* Concierge Services.app */,
			);
			name = Products;
			sourceTree = "<group>";
		};
		0445A0E829B1EEE300DA8D50 /* Concierge Services */ = {
			isa = PBXGroup;
			children = (
				F4A97B3229DC1F8C00D85017 /* FilePicker */,
				F41D92A029D0B45D00D74D75 /* Experiments */,
				F4BBAF7729C869F30036C06F /* Concierge-Services-Info.plist */,
				F4BBAF6A29C832AA0036C06F /* Fonts */,
				F4BBAF6729C8323C0036C06F /* Extensions */,
				0445A0ED29B1EEE500DA8D50 /* Assets.xcassets */,
				0445A0E929B1EEE300DA8D50 /* Concierge_ServicesApp.swift */,
				04D8687E29C05C4300027E73 /* Database */,
				04D8687C29C05C2400027E73 /* Entities */,
				04B21D1129B733EE00829AD7 /* GoogleService-Info.plist */,
				0445A0EF29B1EEE500DA8D50 /* Preview Content */,
				04D8687D29C05C3C00027E73 /* Utils */,
				04D8687A29C05C0F00027E73 /* ViewModel */,
				04D8687B29C05C1C00027E73 /* Views */,
			);
			path = "Concierge Services";
			sourceTree = "<group>";
		};
		0445A0EF29B1EEE500DA8D50 /* Preview Content */ = {
			isa = PBXGroup;
			children = (
				0445A0F029B1EEE500DA8D50 /* Preview Assets.xcassets */,
			);
			path = "Preview Content";
			sourceTree = "<group>";
		};
		04D8687A29C05C0F00027E73 /* ViewModel */ = {
			isa = PBXGroup;
			children = (
				F49D912929CAE3AA009ED887 /* AdminDashboardViewModel.swift */,
				F49E6C5429C4A8A10081CE03 /* ChatsViewModel.swift */,
				F48CBF0729C3342F00973290 /* ClientChatViewModel.swift */,
				F48CBF0929C3344100973290 /* ClientsViewModel.swift */,
				F49E6C5029C4500D0081CE03 /* ClientTicketsViewModel.swift */,
				F48CBF0B29C3346200973290 /* DashboardViewModel.swift */,
				F481DD3429CC8CD300D39319 /* LaunchScreenStateManager.swift */,
				04791B5D29B8BD25007D0890 /* LoginViewModel.swift */,
				F48CBF0529C333F500973290 /* TimelineViewModel.swift */,
				04D8688429C07C8600027E73 /* UserProfileViewModel.swift */,
			);
			path = ViewModel;
			sourceTree = "<group>";
		};
		04D8687B29C05C1C00027E73 /* Views */ = {
			isa = PBXGroup;
			children = (
				04B9CF8F29C0AA63009FB454 /* AdminTasksView.swift */,
				0445A10329B207CE00DA8D50 /* BalanceView.swift */,
				F4C10E9729DEF2E1004AEE56 /* ChangePasswordView.swift */,
				0445A10129B207C400DA8D50 /* ChatView.swift */,
				F48CBF0F29C351F500973290 /* ClientChatView.swift */,
				F4BC090029C4E4AA00745EFB /* ClientMessageView.swift */,
				F49E6C4E29C44DEE0081CE03 /* ClientTicketsView.swift */,
				04B21D1629B733EE00829AD7 /* ContentMessageView.swift */,
				04B9CF9129C0AB98009FB454 /* CreateAccountView.swift */,
				F481DD3229CC83E800D39319 /* LoadingUserDataView.swift */,
				0445A0EB29B1EEE300DA8D50 /* LoginView.swift */,
				F4C9523629DD8DED00428697 /* ManagePreferencesView.swift */,
				04B21D1729B733EE00829AD7 /* MessageView.swift */,
				F4BC090A29C5125100745EFB /* PlaceholderView.swift */,
				F4C10E9829DEF2E1004AEE56 /* PrivacyPolicyView.swift */,
				F4C10E9029DEAC24004AEE56 /* SetActivitiesView.swift */,
				F41D92A729D0B52200D74D75 /* SFSymbolView.swift */,
				0445A10929B2095F00DA8D50 /* TabbarView.swift */,
				043E7A4729B60ED900AB2737 /* TaskDetailView.swift */,
				F4C10E9629DEF2E1004AEE56 /* TermsOfServiceView.swift */,
				0445A0FF29B207B600DA8D50 /* TimelineView.swift */,
				F4C9523829DD8E4E00428697 /* UserPreferencesView.swift */,
				04D8687F29C0601900027E73 /* UserProfileView.swift */,
				04B9CF9329C0B446009FB454 /* UsersListView.swift */,
				04B21D1B29B733EE00829AD7 /* ViewExtension.swift */,
				F4C10E9229DEF2E1004AEE56 /* Task Templates */,
				F4BBAF6429C829F30036C06F /* Task Templates */,
			);
			path = Views;
			sourceTree = "<group>";
		};
		04D8687C29C05C2400027E73 /* Entities */ = {
			isa = PBXGroup;
			children = (
				F416A51029DAEABE00C40751 /* SFSymbol.swift */,
				F49E6C5229C4A3B30081CE03 /* ChatMessage.swift */,
				F48CBEFF29C32B6E00973290 /* Client.swift */,
				F48CBEFD29C32A1100973290 /* Ticket.swift */,
				04B21D1429B733EE00829AD7 /* User.swift */,
				F4F1179C29CA119C00200ECB /* FlightTicket.swift */,
			);
			path = Entities;
			sourceTree = "<group>";
		};
		04D8687D29C05C3C00027E73 /* Utils */ = {
			isa = PBXGroup;
			children = (
				04B21D1929B733EE00829AD7 /* ChatHelper.swift */,
				F4BBAF7329C834D20036C06F /* Constants.swift */,
				04B21D1A29B733EE00829AD7 /* KeyboardResponder.swift */,
				F4BBAF7529C834FB0036C06F /* UserDefaultsUtils.swift */,
				F4C7EE5829C721C7003B517F /* Utils.swift */,
				F4F1179A29C9FC8C00200ECB /* DateExtensions.swift */,
			);
			path = Utils;
			sourceTree = "<group>";
		};
		04D8687E29C05C4300027E73 /* Database */ = {
			isa = PBXGroup;
			children = (
				F48CBEF829C315F000973290 /* FirestoreManager.swift */,
				F4A97B2E29DC0C0400D85017 /* FirebaseStorageManager.swift */,
			);
			path = Database;
			sourceTree = "<group>";
		};
		F41D92A029D0B45D00D74D75 /* Experiments */ = {
			isa = PBXGroup;
			children = (
				F41D92A929D0CD1A00D74D75 /* ActivityItem.swift */,
			);
			path = Experiments;
			sourceTree = "<group>";
		};
		F48CBEFA29C3185500973290 /* Frameworks */ = {
			isa = PBXGroup;
			children = (
			);
			name = Frameworks;
			sourceTree = "<group>";
		};
		F4A97B3229DC1F8C00D85017 /* FilePicker */ = {
			isa = PBXGroup;
			children = (
				F4A97B3729DC2AE600D85017 /* DocumentPickerViewController.swift */,
			);
			path = FilePicker;
			sourceTree = "<group>";
		};
		F4BBAF6429C829F30036C06F /* Task Templates */ = {
			isa = PBXGroup;
			children = (
				F4BBAF6529C82A280036C06F /* CreateFlightTaskView.swift */,
				F48CBF0D29C340F300973290 /* CreateTaskView.swift */,
				F4BBAF7829C888B20036C06F /* SelectTaskTypeView.swift */,
			);
			path = "Task Templates";
			sourceTree = "<group>";
		};
		F4BBAF6729C8323C0036C06F /* Extensions */ = {
			isa = PBXGroup;
			children = (
				F4BBAF6829C832510036C06F /* Color.swift */,
			);
			path = Extensions;
			sourceTree = "<group>";
		};
		F4BBAF6A29C832AA0036C06F /* Fonts */ = {
			isa = PBXGroup;
			children = (
				F4BBAF6B29C834A60036C06F /* Poppins-Bold.ttf */,
				F4BBAF6C29C834A60036C06F /* Poppins-Light.ttf */,
				F4BBAF6D29C834A70036C06F /* Poppins-Medium.ttf */,
				F4BBAF6E29C834A70036C06F /* Poppins-Regular.ttf */,
			);
			path = Fonts;
			sourceTree = "<group>";
		};
		F4C10E9229DEF2E1004AEE56 /* Task Templates */ = {
			isa = PBXGroup;
			children = (
				F4C10E9329DEF2E1004AEE56 /* SelectTaskTypeView.swift */,
				F4C10E9429DEF2E1004AEE56 /* CreateFlightTaskView.swift */,
				F4C10E9529DEF2E1004AEE56 /* CreateTaskView.swift */,
			);
			path = "Task Templates";
			sourceTree = "<group>";
		};
/* End PBXGroup section */

/* Begin PBXNativeTarget section */
		0445A0E529B1EEE300DA8D50 /* Concierge Services */ = {
			isa = PBXNativeTarget;
			buildConfigurationList = 0445A0F429B1EEE500DA8D50 /* Build configuration list for PBXNativeTarget "Concierge Services" */;
			buildPhases = (
				0445A0E229B1EEE300DA8D50 /* Sources */,
				0445A0E329B1EEE300DA8D50 /* Frameworks */,
				0445A0E429B1EEE300DA8D50 /* Resources */,
			);
			buildRules = (
			);
			dependencies = (
			);
			name = "Concierge Services";
			packageProductDependencies = (
				04B21D3129B737EA00829AD7 /* FirebaseAnalyticsSwift */,
				04B21D3329B737EA00829AD7 /* FirebaseAnalyticsWithoutAdIdSupport */,
				04B21D3529B737EA00829AD7 /* FirebaseAuth */,
				04B21D3729B737EA00829AD7 /* FirebaseCrashlytics */,
				F48CBEFB29C3185500973290 /* FirebaseFirestoreSwift */,
				F4E9C06C29C3AD3000DF72A8 /* RealmSwift */,
				F4BC090829C4F7BF00745EFB /* AlertToast */,
				F4C7EE5D29C79451003B517F /* ActivityIndicatorView */,
				F4A97B3029DC0CDC00D85017 /* FirebaseStorage */,
			);
			productName = "Concierge Services";
			productReference = 0445A0E629B1EEE300DA8D50 /* Concierge Services.app */;
			productType = "com.apple.product-type.application";
		};
/* End PBXNativeTarget section */

/* Begin PBXProject section */
		0445A0DE29B1EEE300DA8D50 /* Project object */ = {
			isa = PBXProject;
			attributes = {
				BuildIndependentTargetsInParallel = 1;
				LastSwiftUpdateCheck = 1420;
				LastUpgradeCheck = 1420;
				TargetAttributes = {
					0445A0E529B1EEE300DA8D50 = {
						CreatedOnToolsVersion = 14.2;
					};
				};
			};
			buildConfigurationList = 0445A0E129B1EEE300DA8D50 /* Build configuration list for PBXProject "Concierge Services" */;
			compatibilityVersion = "Xcode 14.0";
			developmentRegion = en;
			hasScannedForEncodings = 0;
			knownRegions = (
				en,
				Base,
			);
			mainGroup = 0445A0DD29B1EEE300DA8D50;
			packageReferences = (
				04B21D3029B737EA00829AD7 /* XCRemoteSwiftPackageReference "firebase-ios-sdk" */,
				F4E9C06B29C3AD3000DF72A8 /* XCRemoteSwiftPackageReference "realm-swift" */,
				F4BC090729C4F7BF00745EFB /* XCRemoteSwiftPackageReference "AlertToast" */,
				F4C7EE5C29C79451003B517F /* XCRemoteSwiftPackageReference "ActivityIndicatorView" */,
				F4C9523229DD677E00428697 /* XCRemoteSwiftPackageReference "SVGKit" */,
			);
			productRefGroup = 0445A0E729B1EEE300DA8D50 /* Products */;
			projectDirPath = "";
			projectRoot = "";
			targets = (
				0445A0E529B1EEE300DA8D50 /* Concierge Services */,
			);
		};
/* End PBXProject section */

/* Begin PBXResourcesBuildPhase section */
		0445A0E429B1EEE300DA8D50 /* Resources */ = {
			isa = PBXResourcesBuildPhase;
			buildActionMask = 2147483647;
			files = (
				0445A0F129B1EEE500DA8D50 /* Preview Assets.xcassets in Resources */,
				F4BBAF7029C834A70036C06F /* Poppins-Light.ttf in Resources */,
				F4BBAF7229C834A70036C06F /* Poppins-Regular.ttf in Resources */,
				0445A0EE29B1EEE500DA8D50 /* Assets.xcassets in Resources */,
				F4BBAF7129C834A70036C06F /* Poppins-Medium.ttf in Resources */,
				04B21D1C29B733EE00829AD7 /* GoogleService-Info.plist in Resources */,
				F4BBAF6F29C834A70036C06F /* Poppins-Bold.ttf in Resources */,
			);
			runOnlyForDeploymentPostprocessing = 0;
		};
/* End PBXResourcesBuildPhase section */

/* Begin PBXSourcesBuildPhase section */
		0445A0E229B1EEE300DA8D50 /* Sources */ = {
			isa = PBXSourcesBuildPhase;
			buildActionMask = 2147483647;
			files = (
				F48CBEF929C315F000973290 /* FirestoreManager.swift in Sources */,
				F4C10E9B29DEF2E1004AEE56 /* CreateTaskView.swift in Sources */,
				F4BBAF7629C834FB0036C06F /* UserDefaultsUtils.swift in Sources */,
				F4BC090129C4E4AA00745EFB /* ClientMessageView.swift in Sources */,
				043E7A4829B60ED900AB2737 /* TaskDetailView.swift in Sources */,
				F49D912A29CAE3AA009ED887 /* AdminDashboardViewModel.swift in Sources */,
				F4BBAF6629C82A280036C06F /* CreateFlightTaskView.swift in Sources */,
				04D8688029C0601900027E73 /* UserProfileView.swift in Sources */,
				F48CBF0029C32B6E00973290 /* Client.swift in Sources */,
				F4C10E9E29DEF2E1004AEE56 /* PrivacyPolicyView.swift in Sources */,
				F41D92A829D0B52200D74D75 /* SFSymbolView.swift in Sources */,
				F41D92AA29D0CD1A00D74D75 /* ActivityItem.swift in Sources */,
				F48CBF0A29C3344100973290 /* ClientsViewModel.swift in Sources */,
				F4BBAF7929C888B20036C06F /* SelectTaskTypeView.swift in Sources */,
				04B9CF9229C0AB98009FB454 /* CreateAccountView.swift in Sources */,
				F48CBF1029C351F500973290 /* ClientChatView.swift in Sources */,
				0445A10A29B2095F00DA8D50 /* TabbarView.swift in Sources */,
				F4C9523929DD8E4E00428697 /* UserPreferencesView.swift in Sources */,
				F4C10E9129DEAC25004AEE56 /* SetActivitiesView.swift in Sources */,
				F416A51129DAEABE00C40751 /* SFSymbol.swift in Sources */,
				F4C10E9A29DEF2E1004AEE56 /* CreateFlightTaskView.swift in Sources */,
				0445A0EC29B1EEE300DA8D50 /* LoginView.swift in Sources */,
				04B21D2029B733EE00829AD7 /* MessageView.swift in Sources */,
				F4C7EE5929C721C7003B517F /* Utils.swift in Sources */,
				F4BBAF7429C834D20036C06F /* Constants.swift in Sources */,
				04B21D2329B733EE00829AD7 /* ViewExtension.swift in Sources */,
				F4A97B2F29DC0C0400D85017 /* FirebaseStorageManager.swift in Sources */,
				F481DD3329CC83E800D39319 /* LoadingUserDataView.swift in Sources */,
				F4C9523729DD8DED00428697 /* ManagePreferencesView.swift in Sources */,
				0445A0EA29B1EEE300DA8D50 /* Concierge_ServicesApp.swift in Sources */,
				F4C10E9D29DEF2E1004AEE56 /* ChangePasswordView.swift in Sources */,
				F4C10E9929DEF2E1004AEE56 /* SelectTaskTypeView.swift in Sources */,
				F4BBAF6929C832510036C06F /* Color.swift in Sources */,
				04B21D1F29B733EE00829AD7 /* ContentMessageView.swift in Sources */,
				F49E6C4F29C44DEE0081CE03 /* ClientTicketsView.swift in Sources */,
				04B9CF9429C0B446009FB454 /* UsersListView.swift in Sources */,
				F48CBF0E29C340F300973290 /* CreateTaskView.swift in Sources */,
				F48CBF0829C3342F00973290 /* ClientChatViewModel.swift in Sources */,
				F4F1179B29C9FC8C00200ECB /* DateExtensions.swift in Sources */,
				04B21D2229B733EE00829AD7 /* KeyboardResponder.swift in Sources */,
				F49E6C5529C4A8A10081CE03 /* ChatsViewModel.swift in Sources */,
				F48CBF0629C333F500973290 /* TimelineViewModel.swift in Sources */,
				04791B5E29B8BD25007D0890 /* LoginViewModel.swift in Sources */,
				0445A10229B207C400DA8D50 /* ChatView.swift in Sources */,
				F481DD3529CC8CD300D39319 /* LaunchScreenStateManager.swift in Sources */,
				F48CBF0C29C3346200973290 /* DashboardViewModel.swift in Sources */,
				F4C10E9C29DEF2E1004AEE56 /* TermsOfServiceView.swift in Sources */,
				F4A97B3829DC2AE600D85017 /* DocumentPickerViewController.swift in Sources */,
				F4BC090B29C5125100745EFB /* PlaceholderView.swift in Sources */,
				04D8688529C07C8600027E73 /* UserProfileViewModel.swift in Sources */,
				0445A10429B207CE00DA8D50 /* BalanceView.swift in Sources */,
				F49E6C5329C4A3B30081CE03 /* ChatMessage.swift in Sources */,
				F48CBEFE29C32A1100973290 /* Ticket.swift in Sources */,
				04B21D2129B733EE00829AD7 /* ChatHelper.swift in Sources */,
				04B9CF9029C0AA63009FB454 /* AdminTasksView.swift in Sources */,
				0445A10029B207B600DA8D50 /* TimelineView.swift in Sources */,
				04B21D1E29B733EE00829AD7 /* User.swift in Sources */,
				F49E6C5129C4500D0081CE03 /* ClientTicketsViewModel.swift in Sources */,
				F4F1179D29CA119C00200ECB /* FlightTicket.swift in Sources */,
			);
			runOnlyForDeploymentPostprocessing = 0;
		};
/* End PBXSourcesBuildPhase section */

/* Begin XCBuildConfiguration section */
		0445A0F229B1EEE500DA8D50 /* Debug */ = {
			isa = XCBuildConfiguration;
			buildSettings = {
				ALWAYS_SEARCH_USER_PATHS = NO;
				CLANG_ANALYZER_NONNULL = YES;
				CLANG_ANALYZER_NUMBER_OBJECT_CONVERSION = YES_AGGRESSIVE;
				CLANG_CXX_LANGUAGE_STANDARD = "gnu++20";
				CLANG_ENABLE_MODULES = YES;
				CLANG_ENABLE_OBJC_ARC = YES;
				CLANG_ENABLE_OBJC_WEAK = YES;
				CLANG_WARN_BLOCK_CAPTURE_AUTORELEASING = YES;
				CLANG_WARN_BOOL_CONVERSION = YES;
				CLANG_WARN_COMMA = YES;
				CLANG_WARN_CONSTANT_CONVERSION = YES;
				CLANG_WARN_DEPRECATED_OBJC_IMPLEMENTATIONS = YES;
				CLANG_WARN_DIRECT_OBJC_ISA_USAGE = YES_ERROR;
				CLANG_WARN_DOCUMENTATION_COMMENTS = YES;
				CLANG_WARN_EMPTY_BODY = YES;
				CLANG_WARN_ENUM_CONVERSION = YES;
				CLANG_WARN_INFINITE_RECURSION = YES;
				CLANG_WARN_INT_CONVERSION = YES;
				CLANG_WARN_NON_LITERAL_NULL_CONVERSION = YES;
				CLANG_WARN_OBJC_IMPLICIT_RETAIN_SELF = YES;
				CLANG_WARN_OBJC_LITERAL_CONVERSION = YES;
				CLANG_WARN_OBJC_ROOT_CLASS = YES_ERROR;
				CLANG_WARN_QUOTED_INCLUDE_IN_FRAMEWORK_HEADER = YES;
				CLANG_WARN_RANGE_LOOP_ANALYSIS = YES;
				CLANG_WARN_STRICT_PROTOTYPES = YES;
				CLANG_WARN_SUSPICIOUS_MOVE = YES;
				CLANG_WARN_UNGUARDED_AVAILABILITY = YES_AGGRESSIVE;
				CLANG_WARN_UNREACHABLE_CODE = YES;
				CLANG_WARN__DUPLICATE_METHOD_MATCH = YES;
				COPY_PHASE_STRIP = NO;
				DEBUG_INFORMATION_FORMAT = dwarf;
				ENABLE_STRICT_OBJC_MSGSEND = YES;
				ENABLE_TESTABILITY = YES;
				GCC_C_LANGUAGE_STANDARD = gnu11;
				GCC_DYNAMIC_NO_PIC = NO;
				GCC_NO_COMMON_BLOCKS = YES;
				GCC_OPTIMIZATION_LEVEL = 0;
				GCC_PREPROCESSOR_DEFINITIONS = (
					"DEBUG=1",
					"$(inherited)",
				);
				GCC_WARN_64_TO_32_BIT_CONVERSION = YES;
				GCC_WARN_ABOUT_RETURN_TYPE = YES_ERROR;
				GCC_WARN_UNDECLARED_SELECTOR = YES;
				GCC_WARN_UNINITIALIZED_AUTOS = YES_AGGRESSIVE;
				GCC_WARN_UNUSED_FUNCTION = YES;
				GCC_WARN_UNUSED_VARIABLE = YES;
				IPHONEOS_DEPLOYMENT_TARGET = 16.2;
				MTL_ENABLE_DEBUG_INFO = INCLUDE_SOURCE;
				MTL_FAST_MATH = YES;
				ONLY_ACTIVE_ARCH = YES;
				SDKROOT = iphoneos;
				SWIFT_ACTIVE_COMPILATION_CONDITIONS = DEBUG;
				SWIFT_OPTIMIZATION_LEVEL = "-Onone";
			};
			name = Debug;
		};
		0445A0F329B1EEE500DA8D50 /* Release */ = {
			isa = XCBuildConfiguration;
			buildSettings = {
				ALWAYS_SEARCH_USER_PATHS = NO;
				CLANG_ANALYZER_NONNULL = YES;
				CLANG_ANALYZER_NUMBER_OBJECT_CONVERSION = YES_AGGRESSIVE;
				CLANG_CXX_LANGUAGE_STANDARD = "gnu++20";
				CLANG_ENABLE_MODULES = YES;
				CLANG_ENABLE_OBJC_ARC = YES;
				CLANG_ENABLE_OBJC_WEAK = YES;
				CLANG_WARN_BLOCK_CAPTURE_AUTORELEASING = YES;
				CLANG_WARN_BOOL_CONVERSION = YES;
				CLANG_WARN_COMMA = YES;
				CLANG_WARN_CONSTANT_CONVERSION = YES;
				CLANG_WARN_DEPRECATED_OBJC_IMPLEMENTATIONS = YES;
				CLANG_WARN_DIRECT_OBJC_ISA_USAGE = YES_ERROR;
				CLANG_WARN_DOCUMENTATION_COMMENTS = YES;
				CLANG_WARN_EMPTY_BODY = YES;
				CLANG_WARN_ENUM_CONVERSION = YES;
				CLANG_WARN_INFINITE_RECURSION = YES;
				CLANG_WARN_INT_CONVERSION = YES;
				CLANG_WARN_NON_LITERAL_NULL_CONVERSION = YES;
				CLANG_WARN_OBJC_IMPLICIT_RETAIN_SELF = YES;
				CLANG_WARN_OBJC_LITERAL_CONVERSION = YES;
				CLANG_WARN_OBJC_ROOT_CLASS = YES_ERROR;
				CLANG_WARN_QUOTED_INCLUDE_IN_FRAMEWORK_HEADER = YES;
				CLANG_WARN_RANGE_LOOP_ANALYSIS = YES;
				CLANG_WARN_STRICT_PROTOTYPES = YES;
				CLANG_WARN_SUSPICIOUS_MOVE = YES;
				CLANG_WARN_UNGUARDED_AVAILABILITY = YES_AGGRESSIVE;
				CLANG_WARN_UNREACHABLE_CODE = YES;
				CLANG_WARN__DUPLICATE_METHOD_MATCH = YES;
				COPY_PHASE_STRIP = NO;
				DEBUG_INFORMATION_FORMAT = "dwarf-with-dsym";
				ENABLE_NS_ASSERTIONS = NO;
				ENABLE_STRICT_OBJC_MSGSEND = YES;
				GCC_C_LANGUAGE_STANDARD = gnu11;
				GCC_NO_COMMON_BLOCKS = YES;
				GCC_WARN_64_TO_32_BIT_CONVERSION = YES;
				GCC_WARN_ABOUT_RETURN_TYPE = YES_ERROR;
				GCC_WARN_UNDECLARED_SELECTOR = YES;
				GCC_WARN_UNINITIALIZED_AUTOS = YES_AGGRESSIVE;
				GCC_WARN_UNUSED_FUNCTION = YES;
				GCC_WARN_UNUSED_VARIABLE = YES;
				IPHONEOS_DEPLOYMENT_TARGET = 16.2;
				MTL_ENABLE_DEBUG_INFO = NO;
				MTL_FAST_MATH = YES;
				SDKROOT = iphoneos;
				SWIFT_COMPILATION_MODE = wholemodule;
				SWIFT_OPTIMIZATION_LEVEL = "-O";
				VALIDATE_PRODUCT = YES;
			};
			name = Release;
		};
		0445A0F529B1EEE500DA8D50 /* Debug */ = {
			isa = XCBuildConfiguration;
			buildSettings = {
				ASSETCATALOG_COMPILER_APPICON_NAME = AppIcon;
				ASSETCATALOG_COMPILER_GLOBAL_ACCENT_COLOR_NAME = AccentColor;
				CODE_SIGN_STYLE = Automatic;
				CURRENT_PROJECT_VERSION = 5;
				DEVELOPMENT_ASSET_PATHS = "\"Concierge Services/Preview Content\"";
				DEVELOPMENT_TEAM = XR858YJCJC;
				ENABLE_PREVIEWS = YES;
				GENERATE_INFOPLIST_FILE = YES;
				INFOPLIST_FILE = "Concierge-Services-Info.plist";
				INFOPLIST_KEY_CFBundleDisplayName = "African Sun";
				INFOPLIST_KEY_LSApplicationCategoryType = "public.app-category.lifestyle";
				INFOPLIST_KEY_UIApplicationSceneManifest_Generation = YES;
				INFOPLIST_KEY_UIApplicationSupportsIndirectInputEvents = YES;
				INFOPLIST_KEY_UILaunchScreen_Generation = YES;
				INFOPLIST_KEY_UISupportedInterfaceOrientations_iPad = "UIInterfaceOrientationPortrait UIInterfaceOrientationPortraitUpsideDown UIInterfaceOrientationLandscapeLeft UIInterfaceOrientationLandscapeRight";
				INFOPLIST_KEY_UISupportedInterfaceOrientations_iPhone = "UIInterfaceOrientationPortrait UIInterfaceOrientationLandscapeLeft UIInterfaceOrientationLandscapeRight";
				INFOPLIST_KEY_UIUserInterfaceStyle = Light;
				LD_RUNPATH_SEARCH_PATHS = (
					"$(inherited)",
					"@executable_path/Frameworks",
				);
				MARKETING_VERSION = 1.0.6;
				PRODUCT_BUNDLE_IDENTIFIER = "co.norrinradd.concierge-services-ios";
				PRODUCT_NAME = "$(TARGET_NAME)";
				SUPPORTED_PLATFORMS = "iphoneos iphonesimulator";
				SUPPORTS_MACCATALYST = NO;
				SUPPORTS_MAC_DESIGNED_FOR_IPHONE_IPAD = NO;
				SWIFT_EMIT_LOC_STRINGS = YES;
				SWIFT_VERSION = 5.0;
				TARGETED_DEVICE_FAMILY = 1;
			};
			name = Debug;
		};
		0445A0F629B1EEE500DA8D50 /* Release */ = {
			isa = XCBuildConfiguration;
			buildSettings = {
				ASSETCATALOG_COMPILER_APPICON_NAME = AppIcon;
				ASSETCATALOG_COMPILER_GLOBAL_ACCENT_COLOR_NAME = AccentColor;
				CODE_SIGN_STYLE = Automatic;
				CURRENT_PROJECT_VERSION = 5;
				DEVELOPMENT_ASSET_PATHS = "\"Concierge Services/Preview Content\"";
				DEVELOPMENT_TEAM = XR858YJCJC;
				ENABLE_PREVIEWS = YES;
				GENERATE_INFOPLIST_FILE = YES;
				INFOPLIST_FILE = "Concierge-Services-Info.plist";
				INFOPLIST_KEY_CFBundleDisplayName = "African Sun";
				INFOPLIST_KEY_LSApplicationCategoryType = "public.app-category.lifestyle";
				INFOPLIST_KEY_UIApplicationSceneManifest_Generation = YES;
				INFOPLIST_KEY_UIApplicationSupportsIndirectInputEvents = YES;
				INFOPLIST_KEY_UILaunchScreen_Generation = YES;
				INFOPLIST_KEY_UISupportedInterfaceOrientations_iPad = "UIInterfaceOrientationPortrait UIInterfaceOrientationPortraitUpsideDown UIInterfaceOrientationLandscapeLeft UIInterfaceOrientationLandscapeRight";
				INFOPLIST_KEY_UISupportedInterfaceOrientations_iPhone = "UIInterfaceOrientationPortrait UIInterfaceOrientationLandscapeLeft UIInterfaceOrientationLandscapeRight";
				INFOPLIST_KEY_UIUserInterfaceStyle = Light;
				LD_RUNPATH_SEARCH_PATHS = (
					"$(inherited)",
					"@executable_path/Frameworks",
				);
				MARKETING_VERSION = 1.0.6;
				PRODUCT_BUNDLE_IDENTIFIER = "co.norrinradd.concierge-services-ios";
				PRODUCT_NAME = "$(TARGET_NAME)";
				SUPPORTED_PLATFORMS = "iphoneos iphonesimulator";
				SUPPORTS_MACCATALYST = NO;
				SUPPORTS_MAC_DESIGNED_FOR_IPHONE_IPAD = NO;
				SWIFT_EMIT_LOC_STRINGS = YES;
				SWIFT_VERSION = 5.0;
				TARGETED_DEVICE_FAMILY = 1;
			};
			name = Release;
		};
/* End XCBuildConfiguration section */

/* Begin XCConfigurationList section */
		0445A0E129B1EEE300DA8D50 /* Build configuration list for PBXProject "Concierge Services" */ = {
			isa = XCConfigurationList;
			buildConfigurations = (
				0445A0F229B1EEE500DA8D50 /* Debug */,
				0445A0F329B1EEE500DA8D50 /* Release */,
			);
			defaultConfigurationIsVisible = 0;
			defaultConfigurationName = Release;
		};
		0445A0F429B1EEE500DA8D50 /* Build configuration list for PBXNativeTarget "Concierge Services" */ = {
			isa = XCConfigurationList;
			buildConfigurations = (
				0445A0F529B1EEE500DA8D50 /* Debug */,
				0445A0F629B1EEE500DA8D50 /* Release */,
			);
			defaultConfigurationIsVisible = 0;
			defaultConfigurationName = Release;
		};
/* End XCConfigurationList section */

/* Begin XCRemoteSwiftPackageReference section */
		04B21D3029B737EA00829AD7 /* XCRemoteSwiftPackageReference "firebase-ios-sdk" */ = {
			isa = XCRemoteSwiftPackageReference;
			repositoryURL = "https://github.com/firebase/firebase-ios-sdk";
			requirement = {
				kind = upToNextMinorVersion;
				minimumVersion = 9.6.0;
			};
		};
		F4BC090729C4F7BF00745EFB /* XCRemoteSwiftPackageReference "AlertToast" */ = {
			isa = XCRemoteSwiftPackageReference;
			repositoryURL = "https://github.com/elai950/AlertToast.git";
			requirement = {
				kind = upToNextMinorVersion;
				minimumVersion = 1.3.0;
			};
		};
		F4C7EE5C29C79451003B517F /* XCRemoteSwiftPackageReference "ActivityIndicatorView" */ = {
			isa = XCRemoteSwiftPackageReference;
			repositoryURL = "https://github.com/exyte/ActivityIndicatorView.git";
			requirement = {
				kind = upToNextMinorVersion;
				minimumVersion = 1.1.0;
			};
		};
		F4C9523229DD677E00428697 /* XCRemoteSwiftPackageReference "SVGKit" */ = {
			isa = XCRemoteSwiftPackageReference;
			repositoryURL = "https://github.com/SVGKit/SVGKit.git";
			requirement = {
				kind = upToNextMinorVersion;
				minimumVersion = 3.0.0;
			};
		};
		F4E9C06B29C3AD3000DF72A8 /* XCRemoteSwiftPackageReference "realm-swift" */ = {
			isa = XCRemoteSwiftPackageReference;
			repositoryURL = "https://github.com/realm/realm-swift.git";
			requirement = {
				branch = master;
				kind = branch;
			};
		};
/* End XCRemoteSwiftPackageReference section */

/* Begin XCSwiftPackageProductDependency section */
		04B21D3129B737EA00829AD7 /* FirebaseAnalyticsSwift */ = {
			isa = XCSwiftPackageProductDependency;
			package = 04B21D3029B737EA00829AD7 /* XCRemoteSwiftPackageReference "firebase-ios-sdk" */;
			productName = FirebaseAnalyticsSwift;
		};
		04B21D3329B737EA00829AD7 /* FirebaseAnalyticsWithoutAdIdSupport */ = {
			isa = XCSwiftPackageProductDependency;
			package = 04B21D3029B737EA00829AD7 /* XCRemoteSwiftPackageReference "firebase-ios-sdk" */;
			productName = FirebaseAnalyticsWithoutAdIdSupport;
		};
		04B21D3529B737EA00829AD7 /* FirebaseAuth */ = {
			isa = XCSwiftPackageProductDependency;
			package = 04B21D3029B737EA00829AD7 /* XCRemoteSwiftPackageReference "firebase-ios-sdk" */;
			productName = FirebaseAuth;
		};
		04B21D3729B737EA00829AD7 /* FirebaseCrashlytics */ = {
			isa = XCSwiftPackageProductDependency;
			package = 04B21D3029B737EA00829AD7 /* XCRemoteSwiftPackageReference "firebase-ios-sdk" */;
			productName = FirebaseCrashlytics;
		};
		F48CBEFB29C3185500973290 /* FirebaseFirestoreSwift */ = {
			isa = XCSwiftPackageProductDependency;
			package = 04B21D3029B737EA00829AD7 /* XCRemoteSwiftPackageReference "firebase-ios-sdk" */;
			productName = FirebaseFirestoreSwift;
		};
		F4A97B3029DC0CDC00D85017 /* FirebaseStorage */ = {
			isa = XCSwiftPackageProductDependency;
			package = 04B21D3029B737EA00829AD7 /* XCRemoteSwiftPackageReference "firebase-ios-sdk" */;
			productName = FirebaseStorage;
		};
		F4BC090829C4F7BF00745EFB /* AlertToast */ = {
			isa = XCSwiftPackageProductDependency;
			package = F4BC090729C4F7BF00745EFB /* XCRemoteSwiftPackageReference "AlertToast" */;
			productName = AlertToast;
		};
		F4C7EE5D29C79451003B517F /* ActivityIndicatorView */ = {
			isa = XCSwiftPackageProductDependency;
			package = F4C7EE5C29C79451003B517F /* XCRemoteSwiftPackageReference "ActivityIndicatorView" */;
			productName = ActivityIndicatorView;
		};
		F4E9C06C29C3AD3000DF72A8 /* RealmSwift */ = {
			isa = XCSwiftPackageProductDependency;
			package = F4E9C06B29C3AD3000DF72A8 /* XCRemoteSwiftPackageReference "realm-swift" */;
			productName = RealmSwift;
		};
/* End XCSwiftPackageProductDependency section */
	};
	rootObject = 0445A0DE29B1EEE300DA8D50 /* Project object */;
}
