// !$*UTF8*$!
{
	archiveVersion = 1;
	classes = {
	};
	objectVersion = 56;
	objects = {

/* Begin PBXBuildFile section */
		0445A0EA29B1EEE300DA8D50 /* Concierge_ServicesApp.swift in Sources */ = {isa = PBXBuildFile; fileRef = 0445A0E929B1EEE300DA8D50 /* Concierge_ServicesApp.swift */; };
		0445A0EC29B1EEE300DA8D50 /* ContentView.swift in Sources */ = {isa = PBXBuildFile; fileRef = 0445A0EB29B1EEE300DA8D50 /* ContentView.swift */; };
		0445A0EE29B1EEE500DA8D50 /* Assets.xcassets in Resources */ = {isa = PBXBuildFile; fileRef = 0445A0ED29B1EEE500DA8D50 /* Assets.xcassets */; };
		0445A0F129B1EEE500DA8D50 /* Preview Assets.xcassets in Resources */ = {isa = PBXBuildFile; fileRef = 0445A0F029B1EEE500DA8D50 /* Preview Assets.xcassets */; };
		0445A10029B207B600DA8D50 /* TimelineView.swift in Sources */ = {isa = PBXBuildFile; fileRef = 0445A0FF29B207B600DA8D50 /* TimelineView.swift */; };
		0445A10229B207C400DA8D50 /* ChatView.swift in Sources */ = {isa = PBXBuildFile; fileRef = 0445A10129B207C400DA8D50 /* ChatView.swift */; };
		0445A10429B207CE00DA8D50 /* BalanceView.swift in Sources */ = {isa = PBXBuildFile; fileRef = 0445A10329B207CE00DA8D50 /* BalanceView.swift */; };
		0445A10629B207E000DA8D50 /* SettingsView.swift in Sources */ = {isa = PBXBuildFile; fileRef = 0445A10529B207E000DA8D50 /* SettingsView.swift */; };
		0445A10829B207F200DA8D50 /* DashboardView.swift in Sources */ = {isa = PBXBuildFile; fileRef = 0445A10729B207F200DA8D50 /* DashboardView.swift */; };
		0445A10A29B2095F00DA8D50 /* TabbarView.swift in Sources */ = {isa = PBXBuildFile; fileRef = 0445A10929B2095F00DA8D50 /* TabbarView.swift */; };
		0445A11129B2311E00DA8D50 /* ChatHelper.swift in Sources */ = {isa = PBXBuildFile; fileRef = 0445A10E29B2311E00DA8D50 /* ChatHelper.swift */; };
		0445A11229B2311E00DA8D50 /* KeyboardResponder.swift in Sources */ = {isa = PBXBuildFile; fileRef = 0445A10F29B2311E00DA8D50 /* KeyboardResponder.swift */; };
		0445A11329B2311E00DA8D50 /* ViewExtension.swift in Sources */ = {isa = PBXBuildFile; fileRef = 0445A11029B2311E00DA8D50 /* ViewExtension.swift */; };
		0445A11529B2316500DA8D50 /* Message.swift in Sources */ = {isa = PBXBuildFile; fileRef = 0445A11429B2316500DA8D50 /* Message.swift */; };
		0445A11729B2318200DA8D50 /* User.swift in Sources */ = {isa = PBXBuildFile; fileRef = 0445A11629B2318200DA8D50 /* User.swift */; };
		0445A11B29B232DF00DA8D50 /* ContentMessageView.swift in Sources */ = {isa = PBXBuildFile; fileRef = 0445A11929B232DF00DA8D50 /* ContentMessageView.swift */; };
		0445A11C29B232DF00DA8D50 /* MessageView.swift in Sources */ = {isa = PBXBuildFile; fileRef = 0445A11A29B232DF00DA8D50 /* MessageView.swift */; };
/* End PBXBuildFile section */

/* Begin PBXFileReference section */
		0445A0E629B1EEE300DA8D50 /* Concierge Services.app */ = {isa = PBXFileReference; explicitFileType = wrapper.application; includeInIndex = 0; path = "Concierge Services.app"; sourceTree = BUILT_PRODUCTS_DIR; };
		0445A0E929B1EEE300DA8D50 /* Concierge_ServicesApp.swift */ = {isa = PBXFileReference; lastKnownFileType = sourcecode.swift; path = Concierge_ServicesApp.swift; sourceTree = "<group>"; };
		0445A0EB29B1EEE300DA8D50 /* ContentView.swift */ = {isa = PBXFileReference; lastKnownFileType = sourcecode.swift; path = ContentView.swift; sourceTree = "<group>"; };
		0445A0ED29B1EEE500DA8D50 /* Assets.xcassets */ = {isa = PBXFileReference; lastKnownFileType = folder.assetcatalog; path = Assets.xcassets; sourceTree = "<group>"; };
		0445A0F029B1EEE500DA8D50 /* Preview Assets.xcassets */ = {isa = PBXFileReference; lastKnownFileType = folder.assetcatalog; path = "Preview Assets.xcassets"; sourceTree = "<group>"; };
		0445A0FF29B207B600DA8D50 /* TimelineView.swift */ = {isa = PBXFileReference; lastKnownFileType = sourcecode.swift; path = TimelineView.swift; sourceTree = "<group>"; };
		0445A10129B207C400DA8D50 /* ChatView.swift */ = {isa = PBXFileReference; lastKnownFileType = sourcecode.swift; path = ChatView.swift; sourceTree = "<group>"; };
		0445A10329B207CE00DA8D50 /* BalanceView.swift */ = {isa = PBXFileReference; lastKnownFileType = sourcecode.swift; path = BalanceView.swift; sourceTree = "<group>"; };
		0445A10529B207E000DA8D50 /* SettingsView.swift */ = {isa = PBXFileReference; lastKnownFileType = sourcecode.swift; path = SettingsView.swift; sourceTree = "<group>"; };
		0445A10729B207F200DA8D50 /* DashboardView.swift */ = {isa = PBXFileReference; lastKnownFileType = sourcecode.swift; path = DashboardView.swift; sourceTree = "<group>"; };
		0445A10929B2095F00DA8D50 /* TabbarView.swift */ = {isa = PBXFileReference; lastKnownFileType = sourcecode.swift; path = TabbarView.swift; sourceTree = "<group>"; };
		0445A10E29B2311E00DA8D50 /* ChatHelper.swift */ = {isa = PBXFileReference; fileEncoding = 4; lastKnownFileType = sourcecode.swift; path = ChatHelper.swift; sourceTree = "<group>"; };
		0445A10F29B2311E00DA8D50 /* KeyboardResponder.swift */ = {isa = PBXFileReference; fileEncoding = 4; lastKnownFileType = sourcecode.swift; path = KeyboardResponder.swift; sourceTree = "<group>"; };
		0445A11029B2311E00DA8D50 /* ViewExtension.swift */ = {isa = PBXFileReference; fileEncoding = 4; lastKnownFileType = sourcecode.swift; path = ViewExtension.swift; sourceTree = "<group>"; };
		0445A11429B2316500DA8D50 /* Message.swift */ = {isa = PBXFileReference; fileEncoding = 4; lastKnownFileType = sourcecode.swift; path = Message.swift; sourceTree = "<group>"; };
		0445A11629B2318200DA8D50 /* User.swift */ = {isa = PBXFileReference; fileEncoding = 4; lastKnownFileType = sourcecode.swift; path = User.swift; sourceTree = "<group>"; };
		0445A11929B232DF00DA8D50 /* ContentMessageView.swift */ = {isa = PBXFileReference; fileEncoding = 4; lastKnownFileType = sourcecode.swift; path = ContentMessageView.swift; sourceTree = "<group>"; };
		0445A11A29B232DF00DA8D50 /* MessageView.swift */ = {isa = PBXFileReference; fileEncoding = 4; lastKnownFileType = sourcecode.swift; path = MessageView.swift; sourceTree = "<group>"; };
/* End PBXFileReference section */

/* Begin PBXFrameworksBuildPhase section */
		0445A0E329B1EEE300DA8D50 /* Frameworks */ = {
			isa = PBXFrameworksBuildPhase;
			buildActionMask = 2147483647;
			files = (
			);
			runOnlyForDeploymentPostprocessing = 0;
		};
/* End PBXFrameworksBuildPhase section */

/* Begin PBXGroup section */
		0445A0DD29B1EEE300DA8D50 = {
			isa = PBXGroup;
			children = (
				0445A0E829B1EEE300DA8D50 /* Concierge Services */,
				0445A0E729B1EEE300DA8D50 /* Products */,
			);
			sourceTree = "<group>";
		};
		0445A0E729B1EEE300DA8D50 /* Products */ = {
			isa = PBXGroup;
			children = (
				0445A0E629B1EEE300DA8D50 /* Concierge Services.app */,
			);
			name = Products;
			sourceTree = "<group>";
		};
		0445A0E829B1EEE300DA8D50 /* Concierge Services */ = {
			isa = PBXGroup;
			children = (
				0445A10B29B230BB00DA8D50 /* Chat */,
				0445A0E929B1EEE300DA8D50 /* Concierge_ServicesApp.swift */,
				0445A0EB29B1EEE300DA8D50 /* ContentView.swift */,
				0445A0ED29B1EEE500DA8D50 /* Assets.xcassets */,
				0445A0EF29B1EEE500DA8D50 /* Preview Content */,
				0445A0FF29B207B600DA8D50 /* TimelineView.swift */,
				0445A10129B207C400DA8D50 /* ChatView.swift */,
				0445A10329B207CE00DA8D50 /* BalanceView.swift */,
				0445A10529B207E000DA8D50 /* SettingsView.swift */,
				0445A10729B207F200DA8D50 /* DashboardView.swift */,
				0445A10929B2095F00DA8D50 /* TabbarView.swift */,
			);
			path = "Concierge Services";
			sourceTree = "<group>";
		};
		0445A0EF29B1EEE500DA8D50 /* Preview Content */ = {
			isa = PBXGroup;
			children = (
				0445A0F029B1EEE500DA8D50 /* Preview Assets.xcassets */,
			);
			path = "Preview Content";
			sourceTree = "<group>";
		};
		0445A10B29B230BB00DA8D50 /* Chat */ = {
			isa = PBXGroup;
			children = (
				0445A11829B232DF00DA8D50 /* View */,
				0445A11629B2318200DA8D50 /* User.swift */,
				0445A11429B2316500DA8D50 /* Message.swift */,
				0445A10D29B2311E00DA8D50 /* Helper */,
			);
			path = Chat;
			sourceTree = "<group>";
		};
		0445A10D29B2311E00DA8D50 /* Helper */ = {
			isa = PBXGroup;
			children = (
				0445A10E29B2311E00DA8D50 /* ChatHelper.swift */,
				0445A10F29B2311E00DA8D50 /* KeyboardResponder.swift */,
				0445A11029B2311E00DA8D50 /* ViewExtension.swift */,
			);
			path = Helper;
			sourceTree = "<group>";
		};
		0445A11829B232DF00DA8D50 /* View */ = {
			isa = PBXGroup;
			children = (
				0445A11929B232DF00DA8D50 /* ContentMessageView.swift */,
				0445A11A29B232DF00DA8D50 /* MessageView.swift */,
			);
			path = View;
			sourceTree = "<group>";
		};
/* End PBXGroup section */

/* Begin PBXNativeTarget section */
		0445A0E529B1EEE300DA8D50 /* Concierge Services */ = {
			isa = PBXNativeTarget;
			buildConfigurationList = 0445A0F429B1EEE500DA8D50 /* Build configuration list for PBXNativeTarget "Concierge Services" */;
			buildPhases = (
				0445A0E229B1EEE300DA8D50 /* Sources */,
				0445A0E329B1EEE300DA8D50 /* Frameworks */,
				0445A0E429B1EEE300DA8D50 /* Resources */,
			);
			buildRules = (
			);
			dependencies = (
			);
			name = "Concierge Services";
			productName = "Concierge Services";
			productReference = 0445A0E629B1EEE300DA8D50 /* Concierge Services.app */;
			productType = "com.apple.product-type.application";
		};
/* End PBXNativeTarget section */

/* Begin PBXProject section */
		0445A0DE29B1EEE300DA8D50 /* Project object */ = {
			isa = PBXProject;
			attributes = {
				BuildIndependentTargetsInParallel = 1;
				LastSwiftUpdateCheck = 1420;
				LastUpgradeCheck = 1420;
				TargetAttributes = {
					0445A0E529B1EEE300DA8D50 = {
						CreatedOnToolsVersion = 14.2;
					};
				};
			};
			buildConfigurationList = 0445A0E129B1EEE300DA8D50 /* Build configuration list for PBXProject "Concierge Services" */;
			compatibilityVersion = "Xcode 14.0";
			developmentRegion = en;
			hasScannedForEncodings = 0;
			knownRegions = (
				en,
				Base,
			);
			mainGroup = 0445A0DD29B1EEE300DA8D50;
			productRefGroup = 0445A0E729B1EEE300DA8D50 /* Products */;
			projectDirPath = "";
			projectRoot = "";
			targets = (
				0445A0E529B1EEE300DA8D50 /* Concierge Services */,
			);
		};
/* End PBXProject section */

/* Begin PBXResourcesBuildPhase section */
		0445A0E429B1EEE300DA8D50 /* Resources */ = {
			isa = PBXResourcesBuildPhase;
			buildActionMask = 2147483647;
			files = (
				0445A0F129B1EEE500DA8D50 /* Preview Assets.xcassets in Resources */,
				0445A0EE29B1EEE500DA8D50 /* Assets.xcassets in Resources */,
			);
			runOnlyForDeploymentPostprocessing = 0;
		};
/* End PBXResourcesBuildPhase section */

/* Begin PBXSourcesBuildPhase section */
		0445A0E229B1EEE300DA8D50 /* Sources */ = {
			isa = PBXSourcesBuildPhase;
			buildActionMask = 2147483647;
			files = (
				0445A11B29B232DF00DA8D50 /* ContentMessageView.swift in Sources */,
				0445A11729B2318200DA8D50 /* User.swift in Sources */,
				0445A10629B207E000DA8D50 /* SettingsView.swift in Sources */,
				0445A11129B2311E00DA8D50 /* ChatHelper.swift in Sources */,
				0445A10829B207F200DA8D50 /* DashboardView.swift in Sources */,
				0445A11229B2311E00DA8D50 /* KeyboardResponder.swift in Sources */,
				0445A10A29B2095F00DA8D50 /* TabbarView.swift in Sources */,
				0445A0EC29B1EEE300DA8D50 /* ContentView.swift in Sources */,
				0445A11329B2311E00DA8D50 /* ViewExtension.swift in Sources */,
				0445A11C29B232DF00DA8D50 /* MessageView.swift in Sources */,
				0445A0EA29B1EEE300DA8D50 /* Concierge_ServicesApp.swift in Sources */,
				0445A10229B207C400DA8D50 /* ChatView.swift in Sources */,
				0445A11529B2316500DA8D50 /* Message.swift in Sources */,
				0445A10429B207CE00DA8D50 /* BalanceView.swift in Sources */,
				0445A10029B207B600DA8D50 /* TimelineView.swift in Sources */,
			);
			runOnlyForDeploymentPostprocessing = 0;
		};
/* End PBXSourcesBuildPhase section */

/* Begin XCBuildConfiguration section */
		0445A0F229B1EEE500DA8D50 /* Debug */ = {
			isa = XCBuildConfiguration;
			buildSettings = {
				ALWAYS_SEARCH_USER_PATHS = NO;
				CLANG_ANALYZER_NONNULL = YES;
				CLANG_ANALYZER_NUMBER_OBJECT_CONVERSION = YES_AGGRESSIVE;
				CLANG_CXX_LANGUAGE_STANDARD = "gnu++20";
				CLANG_ENABLE_MODULES = YES;
				CLANG_ENABLE_OBJC_ARC = YES;
				CLANG_ENABLE_OBJC_WEAK = YES;
				CLANG_WARN_BLOCK_CAPTURE_AUTORELEASING = YES;
				CLANG_WARN_BOOL_CONVERSION = YES;
				CLANG_WARN_COMMA = YES;
				CLANG_WARN_CONSTANT_CONVERSION = YES;
				CLANG_WARN_DEPRECATED_OBJC_IMPLEMENTATIONS = YES;
				CLANG_WARN_DIRECT_OBJC_ISA_USAGE = YES_ERROR;
				CLANG_WARN_DOCUMENTATION_COMMENTS = YES;
				CLANG_WARN_EMPTY_BODY = YES;
				CLANG_WARN_ENUM_CONVERSION = YES;
				CLANG_WARN_INFINITE_RECURSION = YES;
				CLANG_WARN_INT_CONVERSION = YES;
				CLANG_WARN_NON_LITERAL_NULL_CONVERSION = YES;
				CLANG_WARN_OBJC_IMPLICIT_RETAIN_SELF = YES;
				CLANG_WARN_OBJC_LITERAL_CONVERSION = YES;
				CLANG_WARN_OBJC_ROOT_CLASS = YES_ERROR;
				CLANG_WARN_QUOTED_INCLUDE_IN_FRAMEWORK_HEADER = YES;
				CLANG_WARN_RANGE_LOOP_ANALYSIS = YES;
				CLANG_WARN_STRICT_PROTOTYPES = YES;
				CLANG_WARN_SUSPICIOUS_MOVE = YES;
				CLANG_WARN_UNGUARDED_AVAILABILITY = YES_AGGRESSIVE;
				CLANG_WARN_UNREACHABLE_CODE = YES;
				CLANG_WARN__DUPLICATE_METHOD_MATCH = YES;
				COPY_PHASE_STRIP = NO;
				DEBUG_INFORMATION_FORMAT = dwarf;
				ENABLE_STRICT_OBJC_MSGSEND = YES;
				ENABLE_TESTABILITY = YES;
				GCC_C_LANGUAGE_STANDARD = gnu11;
				GCC_DYNAMIC_NO_PIC = NO;
				GCC_NO_COMMON_BLOCKS = YES;
				GCC_OPTIMIZATION_LEVEL = 0;
				GCC_PREPROCESSOR_DEFINITIONS = (
					"DEBUG=1",
					"$(inherited)",
				);
				GCC_WARN_64_TO_32_BIT_CONVERSION = YES;
				GCC_WARN_ABOUT_RETURN_TYPE = YES_ERROR;
				GCC_WARN_UNDECLARED_SELECTOR = YES;
				GCC_WARN_UNINITIALIZED_AUTOS = YES_AGGRESSIVE;
				GCC_WARN_UNUSED_FUNCTION = YES;
				GCC_WARN_UNUSED_VARIABLE = YES;
				IPHONEOS_DEPLOYMENT_TARGET = 16.2;
				MTL_ENABLE_DEBUG_INFO = INCLUDE_SOURCE;
				MTL_FAST_MATH = YES;
				ONLY_ACTIVE_ARCH = YES;
				SDKROOT = iphoneos;
				SWIFT_ACTIVE_COMPILATION_CONDITIONS = DEBUG;
				SWIFT_OPTIMIZATION_LEVEL = "-Onone";
			};
			name = Debug;
		};
		0445A0F329B1EEE500DA8D50 /* Release */ = {
			isa = XCBuildConfiguration;
			buildSettings = {
				ALWAYS_SEARCH_USER_PATHS = NO;
				CLANG_ANALYZER_NONNULL = YES;
				CLANG_ANALYZER_NUMBER_OBJECT_CONVERSION = YES_AGGRESSIVE;
				CLANG_CXX_LANGUAGE_STANDARD = "gnu++20";
				CLANG_ENABLE_MODULES = YES;
				CLANG_ENABLE_OBJC_ARC = YES;
				CLANG_ENABLE_OBJC_WEAK = YES;
				CLANG_WARN_BLOCK_CAPTURE_AUTORELEASING = YES;
				CLANG_WARN_BOOL_CONVERSION = YES;
				CLANG_WARN_COMMA = YES;
				CLANG_WARN_CONSTANT_CONVERSION = YES;
				CLANG_WARN_DEPRECATED_OBJC_IMPLEMENTATIONS = YES;
				CLANG_WARN_DIRECT_OBJC_ISA_USAGE = YES_ERROR;
				CLANG_WARN_DOCUMENTATION_COMMENTS = YES;
				CLANG_WARN_EMPTY_BODY = YES;
				CLANG_WARN_ENUM_CONVERSION = YES;
				CLANG_WARN_INFINITE_RECURSION = YES;
				CLANG_WARN_INT_CONVERSION = YES;
				CLANG_WARN_NON_LITERAL_NULL_CONVERSION = YES;
				CLANG_WARN_OBJC_IMPLICIT_RETAIN_SELF = YES;
				CLANG_WARN_OBJC_LITERAL_CONVERSION = YES;
				CLANG_WARN_OBJC_ROOT_CLASS = YES_ERROR;
				CLANG_WARN_QUOTED_INCLUDE_IN_FRAMEWORK_HEADER = YES;
				CLANG_WARN_RANGE_LOOP_ANALYSIS = YES;
				CLANG_WARN_STRICT_PROTOTYPES = YES;
				CLANG_WARN_SUSPICIOUS_MOVE = YES;
				CLANG_WARN_UNGUARDED_AVAILABILITY = YES_AGGRESSIVE;
				CLANG_WARN_UNREACHABLE_CODE = YES;
				CLANG_WARN__DUPLICATE_METHOD_MATCH = YES;
				COPY_PHASE_STRIP = NO;
				DEBUG_INFORMATION_FORMAT = "dwarf-with-dsym";
				ENABLE_NS_ASSERTIONS = NO;
				ENABLE_STRICT_OBJC_MSGSEND = YES;
				GCC_C_LANGUAGE_STANDARD = gnu11;
				GCC_NO_COMMON_BLOCKS = YES;
				GCC_WARN_64_TO_32_BIT_CONVERSION = YES;
				GCC_WARN_ABOUT_RETURN_TYPE = YES_ERROR;
				GCC_WARN_UNDECLARED_SELECTOR = YES;
				GCC_WARN_UNINITIALIZED_AUTOS = YES_AGGRESSIVE;
				GCC_WARN_UNUSED_FUNCTION = YES;
				GCC_WARN_UNUSED_VARIABLE = YES;
				IPHONEOS_DEPLOYMENT_TARGET = 16.2;
				MTL_ENABLE_DEBUG_INFO = NO;
				MTL_FAST_MATH = YES;
				SDKROOT = iphoneos;
				SWIFT_COMPILATION_MODE = wholemodule;
				SWIFT_OPTIMIZATION_LEVEL = "-O";
				VALIDATE_PRODUCT = YES;
			};
			name = Release;
		};
		0445A0F529B1EEE500DA8D50 /* Debug */ = {
			isa = XCBuildConfiguration;
			buildSettings = {
				ASSETCATALOG_COMPILER_APPICON_NAME = AppIcon;
				ASSETCATALOG_COMPILER_GLOBAL_ACCENT_COLOR_NAME = AccentColor;
				CODE_SIGN_STYLE = Automatic;
				CURRENT_PROJECT_VERSION = 1;
				DEVELOPMENT_ASSET_PATHS = "\"Concierge Services/Preview Content\"";
				ENABLE_PREVIEWS = YES;
				GENERATE_INFOPLIST_FILE = YES;
				INFOPLIST_KEY_UIApplicationSceneManifest_Generation = YES;
				INFOPLIST_KEY_UIApplicationSupportsIndirectInputEvents = YES;
				INFOPLIST_KEY_UILaunchScreen_Generation = YES;
				INFOPLIST_KEY_UISupportedInterfaceOrientations_iPad = "UIInterfaceOrientationPortrait UIInterfaceOrientationPortraitUpsideDown UIInterfaceOrientationLandscapeLeft UIInterfaceOrientationLandscapeRight";
				INFOPLIST_KEY_UISupportedInterfaceOrientations_iPhone = "UIInterfaceOrientationPortrait UIInterfaceOrientationLandscapeLeft UIInterfaceOrientationLandscapeRight";
				LD_RUNPATH_SEARCH_PATHS = (
					"$(inherited)",
					"@executable_path/Frameworks",
				);
				MARKETING_VERSION = 1.0;
				PRODUCT_BUNDLE_IDENTIFIER = "co.norrinradd.Concierge-Services";
				PRODUCT_NAME = "$(TARGET_NAME)";
				SWIFT_EMIT_LOC_STRINGS = YES;
				SWIFT_VERSION = 5.0;
				TARGETED_DEVICE_FAMILY = "1,2";
			};
			name = Debug;
		};
		0445A0F629B1EEE500DA8D50 /* Release */ = {
			isa = XCBuildConfiguration;
			buildSettings = {
				ASSETCATALOG_COMPILER_APPICON_NAME = AppIcon;
				ASSETCATALOG_COMPILER_GLOBAL_ACCENT_COLOR_NAME = AccentColor;
				CODE_SIGN_STYLE = Automatic;
				CURRENT_PROJECT_VERSION = 1;
				DEVELOPMENT_ASSET_PATHS = "\"Concierge Services/Preview Content\"";
				ENABLE_PREVIEWS = YES;
				GENERATE_INFOPLIST_FILE = YES;
				INFOPLIST_KEY_UIApplicationSceneManifest_Generation = YES;
				INFOPLIST_KEY_UIApplicationSupportsIndirectInputEvents = YES;
				INFOPLIST_KEY_UILaunchScreen_Generation = YES;
				INFOPLIST_KEY_UISupportedInterfaceOrientations_iPad = "UIInterfaceOrientationPortrait UIInterfaceOrientationPortraitUpsideDown UIInterfaceOrientationLandscapeLeft UIInterfaceOrientationLandscapeRight";
				INFOPLIST_KEY_UISupportedInterfaceOrientations_iPhone = "UIInterfaceOrientationPortrait UIInterfaceOrientationLandscapeLeft UIInterfaceOrientationLandscapeRight";
				LD_RUNPATH_SEARCH_PATHS = (
					"$(inherited)",
					"@executable_path/Frameworks",
				);
				MARKETING_VERSION = 1.0;
				PRODUCT_BUNDLE_IDENTIFIER = "co.norrinradd.Concierge-Services";
				PRODUCT_NAME = "$(TARGET_NAME)";
				SWIFT_EMIT_LOC_STRINGS = YES;
				SWIFT_VERSION = 5.0;
				TARGETED_DEVICE_FAMILY = "1,2";
			};
			name = Release;
		};
/* End XCBuildConfiguration section */

/* Begin XCConfigurationList section */
		0445A0E129B1EEE300DA8D50 /* Build configuration list for PBXProject "Concierge Services" */ = {
			isa = XCConfigurationList;
			buildConfigurations = (
				0445A0F229B1EEE500DA8D50 /* Debug */,
				0445A0F329B1EEE500DA8D50 /* Release */,
			);
			defaultConfigurationIsVisible = 0;
			defaultConfigurationName = Release;
		};
		0445A0F429B1EEE500DA8D50 /* Build configuration list for PBXNativeTarget "Concierge Services" */ = {
			isa = XCConfigurationList;
			buildConfigurations = (
				0445A0F529B1EEE500DA8D50 /* Debug */,
				0445A0F629B1EEE500DA8D50 /* Release */,
			);
			defaultConfigurationIsVisible = 0;
			defaultConfigurationName = Release;
		};
/* End XCConfigurationList section */
	};
	rootObject = 0445A0DE29B1EEE300DA8D50 /* Project object */;
}
